
Microsoft Visual Studio Solution File, Format Version 12.00
# Visual Studio Version 17
VisualStudioVersion = 17.4.33213.308
MinimumVisualStudioVersion = 10.0.40219.1
Project("{9A19103F-16F7-4668-BE54-9A1E7A4F7556}") = "BankProject", "BankProject\BankProject.csproj", "{AAA1B369-E739-4D64-8F77-08BCB505C18A}"
EndProject
Project("{9A19103F-16F7-4668-BE54-9A1E7A4F7556}") = "Models", "Models\Models.csproj", "{45C45DAE-C758-48AE-8914-1A1AB2B85A40}"
EndProject
Project("{9A19103F-16F7-4668-BE54-9A1E7A4F7556}") = "Services", "Services\Services.csproj", "{139BD418-A728-4129-B84F-AB95F2B405B2}"
EndProject
Project("{9A19103F-16F7-4668-BE54-9A1E7A4F7556}") = "AppUi", "AppUi\AppUi.csproj", "{A8729F2C-B44D-4AF8-90F0-0784F0EFBA39}"
EndProject
Project("{FAE04EC0-301F-11D3-BF4B-00C04F79EFBC}") = "HelperProject", "HelperProject\HelperProject.csproj", "{768A82EF-0D33-47D5-BAF3-C5C3C8993768}"
EndProject
Global
	GlobalSection(SolutionConfigurationPlatforms) = preSolution
		Debug|Any CPU = Debug|Any CPU
		Release|Any CPU = Release|Any CPU
	EndGlobalSection
	GlobalSection(ProjectConfigurationPlatforms) = postSolution
		{AAA1B369-E739-4D64-8F77-08BCB505C18A}.Debug|Any CPU.ActiveCfg = Debug|Any CPU
		{AAA1B369-E739-4D64-8F77-08BCB505C18A}.Debug|Any CPU.Build.0 = Debug|Any CPU
		{AAA1B369-E739-4D64-8F77-08BCB505C18A}.Release|Any CPU.ActiveCfg = Release|Any CPU
		{AAA1B369-E739-4D64-8F77-08BCB505C18A}.Release|Any CPU.Build.0 = Release|Any CPU
		{45C45DAE-C758-48AE-8914-1A1AB2B85A40}.Debug|Any CPU.ActiveCfg = Debug|Any CPU
		{45C45DAE-C758-48AE-8914-1A1AB2B85A40}.Debug|Any CPU.Build.0 = Debug|Any CPU
		{45C45DAE-C758-48AE-8914-1A1AB2B85A40}.Release|Any CPU.ActiveCfg = Release|Any CPU
		{45C45DAE-C758-48AE-8914-1A1AB2B85A40}.Release|Any CPU.Build.0 = Release|Any CPU
		{139BD418-A728-4129-B84F-AB95F2B405B2}.Debug|Any CPU.ActiveCfg = Debug|Any CPU
		{139BD418-A728-4129-B84F-AB95F2B405B2}.Debug|Any CPU.Build.0 = Debug|Any CPU
		{139BD418-A728-4129-B84F-AB95F2B405B2}.Release|Any CPU.ActiveCfg = Release|Any CPU
		{139BD418-A728-4129-B84F-AB95F2B405B2}.Release|Any CPU.Build.0 = Release|Any CPU
		{A8729F2C-B44D-4AF8-90F0-0784F0EFBA39}.Debug|Any CPU.ActiveCfg = Debug|Any CPU
		{A8729F2C-B44D-4AF8-90F0-0784F0EFBA39}.Debug|Any CPU.Build.0 = Debug|Any CPU
		{A8729F2C-B44D-4AF8-90F0-0784F0EFBA39}.Release|Any CPU.ActiveCfg = Release|Any CPU
		{A8729F2C-B44D-4AF8-90F0-0784F0EFBA39}.Release|Any CPU.Build.0 = Release|Any CPU
		{768A82EF-0D33-47D5-BAF3-C5C3C8993768}.Debug|Any CPU.ActiveCfg = Debug|Any CPU
		{768A82EF-0D33-47D5-BAF3-C5C3C8993768}.Debug|Any CPU.Build.0 = Debug|Any CPU
		{768A82EF-0D33-47D5-BAF3-C5C3C8993768}.Release|Any CPU.ActiveCfg = Release|Any CPU
		{768A82EF-0D33-47D5-BAF3-C5C3C8993768}.Release|Any CPU.Build.0 = Release|Any CPU
	EndGlobalSection
	GlobalSection(SolutionProperties) = preSolution
		HideSolutionNode = FALSE
	EndGlobalSection
	GlobalSection(ExtensibilityGlobals) = postSolution
		SolutionGuid = {BBEE5A18-5683-4A77-A762-3BB12CAE13CE}
	EndGlobalSection
EndGlobal
